version = 1
revision = 3
requires-python = "==3.12.*"
resolution-markers = [
    "sys_platform == 'win32'",
    "sys_platform == 'emscripten'",
    "sys_platform != 'emscripten' and sys_platform != 'win32'",
]

[[package]]
name = "anyio"
version = "4.13.0"
source = { registry = "https://pypi.org/simple" }
dependencies = [
    { name = "idna" },
    { name = "typing-extensions" },
]
sdist = { url = "https://files.pythonhosted.org/packages/19/14/2c5dd9f512b66549ae92767a9c7b330ae88e1932ca57876909410251fe13/anyio-4.13.0.tar.gz", hash = "sha256:334b70e641fd2221c1505b3890c69882fe4a2df910cba14d97019b90b24439dc", size = 231622, upload-time = "2026-03-24T12:59:09.671Z" }
wheels = [
    { url = "https://files.pythonhosted.org/packages/da/42/e921fccf5015463e32a3cf6ee7f980a6ed0f395ceeaa45060b61d86486c2/anyio-4.13.0-py3-none-any.whl", hash = "sha256:08b310f9e24a9594186fd75b4f73f4a4152069e3853f1ed8bfbf58369f4ad708", size = 114353, upload-time = "2026-03-24T12:59:08.246Z" },
]

[[package]]
name = "appdirs"
version = "1.4.4"
source = { registry = "https://pypi.org/simple" }
sdist = { url = "https://files.pythonhosted.org/packages/d7/d8/05696357e0311f5b5c316d7b95f46c669dd9c15aaeecbb48c7d0aeb88c40/appdirs-1.4.4.tar.gz", hash = "sha256:7d5d0167b2b1ba821647616af46a749d1c653740dd0d2415100fe26e27afdf41", size = 13470, upload-time = "2020-05-11T07:59:51.037Z" }
wheels = [
    { url = "https://files.pythonhosted.org/packages/3b/00/2344469e2084fb287c2e0b57b72910309874c3245463acd6cf5e3db69324/appdirs-1.4.4-py2.py3-none-any.whl", hash = "sha256:a841dacd6b99318a741b166adb07e19ee71a274450e68237b4650ca1055ab128", size = 9566, upload-time = "2020-05-11T07:59:49.499Z" },
]

[[package]]
name = "asgiref"
version = "3.11.1"
source = { registry = "https://pypi.org/simple" }
sdist = { url = "https://files.pythonhosted.org/packages/63/40/f03da1264ae8f7cfdbf9146542e5e7e8100a4c66ab48e791df9a03d3f6c0/asgiref-3.11.1.tar.gz", hash = "sha256:5f184dc43b7e763efe848065441eac62229c9f7b0475f41f80e207a114eda4ce", size = 38550, upload-time = "2026-02-03T13:30:14.33Z" }
wheels = [
    { url = "https://files.pythonhosted.org/packages/5c/0a/a72d10ed65068e115044937873362e6e32fab1b7dce0046aeb224682c989/asgiref-3.11.1-py3-none-any.whl", hash = "sha256:e8667a091e69529631969fd45dc268fa79b99c92c5fcdda727757e52146ec133", size = 24345, upload-time = "2026-02-03T13:30:13.039Z" },
]

[[package]]
name = "chevron"
version = "0.14.0"
source = { registry = "https://pypi.org/simple" }
sdist = { url = "https://files.pythonhosted.org/packages/15/1f/ca74b65b19798895d63a6e92874162f44233467c9e7c1ed8afd19016ebe9/chevron-0.14.0.tar.gz", hash = "sha256:87613aafdf6d77b6a90ff073165a61ae5086e21ad49057aa0e53681601800ebf", size = 11440, upload-time = "2021-01-02T22:47:59.233Z" }
wheels = [
    { url = "https://files.pythonhosted.org/packages/52/93/342cc62a70ab727e093ed98e02a725d85b746345f05d2b5e5034649f4ec8/chevron-0.14.0-py3-none-any.whl", hash = "sha256:fbf996a709f8da2e745ef763f482ce2d311aa817d287593a5b990d6d6e4f0443", size = 11595, upload-time = "2021-01-02T22:47:57.847Z" },
]

[[package]]
name = "click"
version = "8.4.1"
source = { registry = "https://pypi.org/simple" }
dependencies = [
    { name = "colorama", marker = "sys_platform == 'win32'" },
]
sdist = { url = "https://files.pythonhosted.org/packages/9b/98/518d8e5081007684232226f475082b30087d0f585e8457db087298259f49/click-8.4.1.tar.gz", hash = "sha256:918b5633eddf6b41c32d4f454bf0de810065c74e3f7dbf8ee5452f8be88d3e96", size = 353007, upload-time = "2026-05-22T04:08:37.769Z" }
wheels = [
    { url = "https://files.pythonhosted.org/packages/c7/0d/67e5b4109ea4a837e80daa87c2c696711955e40449a97e8926672534def2/click-8.4.1-py3-none-any.whl", hash = "sha256:482be17c6991b8c19c5429a1e995d9b0efdbb63172824c41f99965dc0ade8ec2", size = 116639, upload-time = "2026-05-22T04:08:35.26Z" },
]

[[package]]
name = "colorama"
version = "0.4.6"
source = { registry = "https://pypi.org/simple" }
sdist = { url = "https://files.pythonhosted.org/packages/d8/53/6f443c9a4a8358a93a6792e2acffb9d9d5cb0a5cfd8802644b7b1c9a02e4/colorama-0.4.6.tar.gz", hash = "sha256:08695f5cb7ed6e0531a20572697297273c47b8cae5a63ffc6d6ed5c201be6e44", size = 27697, upload-time = "2022-10-25T02:36:22.414Z" }
wheels = [
    { url = "https://files.pythonhosted.org/packages/d1/d6/3965ed04c63042e047cb6a3e6ed1a63a35087b6a609aa3a15ed8ac56c221/colorama-0.4.6-py2.py3-none-any.whl", hash = "sha256:4f1d9991f5acc0ca119f9d443620b77f9d6b33703e51011c16baf57afb285fc6", size = 25335, upload-time = "2022-10-25T02:36:20.889Z" },
]

[[package]]
name = "et-xmlfile"
version = "2.0.0"
source = { registry = "https://pypi.org/simple" }
sdist = { url = "https://files.pythonhosted.org/packages/d3/38/af70d7ab1ae9d4da450eeec1fa3918940a5fafb9055e934af8d6eb0c2313/et_xmlfile-2.0.0.tar.gz", hash = "sha256:dab3f4764309081ce75662649be815c4c9081e88f0837825f90fd28317d4da54", size = 17234, upload-time = "2024-10-25T17:25:40.039Z" }
wheels = [
    { url = "https://files.pythonhosted.org/packages/c1/8b/5fe2cc11fee489817272089c4203e679c63b570a5aaeb18d852ae3cbba6a/et_xmlfile-2.0.0-py3-none-any.whl", hash = "sha256:7a91720bc756843502c3b7504c77b8fe44217c85c537d85037f0f536151b2caa", size = 18059, upload-time = "2024-10-25T17:25:39.051Z" },
]

[[package]]
name = "future"
version = "1.0.0"
source = { registry = "https://pypi.org/simple" }
sdist = { url = "https://files.pythonhosted.org/packages/a7/b2/4140c69c6a66432916b26158687e821ba631a4c9273c474343badf84d3ba/future-1.0.0.tar.gz", hash = "sha256:bd2968309307861edae1458a4f8a4f3598c03be43b97521076aebf5d94c07b05", size = 1228490, upload-time = "2024-02-21T11:52:38.461Z" }
wheels = [
    { url = "https://files.pythonhosted.org/packages/da/71/ae30dadffc90b9006d77af76b393cb9dfbfc9629f339fc1574a1c52e6806/future-1.0.0-py3-none-any.whl", hash = "sha256:929292d34f5872e70396626ef385ec22355a1fae8ad29e1a734c3e43f9fbc216", size = 491326, upload-time = "2024-02-21T11:52:35.956Z" },
]

[[package]]
name = "h11"
version = "0.16.0"
source = { registry = "https://pypi.org/simple" }
sdist = { url = "https://files.pythonhosted.org/packages/01/ee/02a2c011bdab74c6fb3c75474d40b3052059d95df7e73351460c8588d963/h11-0.16.0.tar.gz", hash = "sha256:4e35b956cf45792e4caa5885e69fba00bdbc6ffafbfa020300e549b208ee5ff1", size = 101250, upload-time = "2025-04-24T03:35:25.427Z" }
wheels = [
    { url = "https://files.pythonhosted.org/packages/04/4b/29cac41a4d98d144bf5f6d33995617b185d14b22401f75ca86f384e87ff1/h11-0.16.0-py3-none-any.whl", hash = "sha256:63cf8bbe7522de3bf65932fda1d9c2772064ffb3dae62d55932da54b31cb6c86", size = 37515, upload-time = "2025-04-24T03:35:24.344Z" },
]

[[package]]
name = "htmltools"
version = "0.7.0"
source = { registry = "https://pypi.org/simple" }
dependencies = [
    { name = "packaging" },
    { name = "typing-extensions" },
]
sdist = { url = "https://files.pythonhosted.org/packages/a4/54/e1a0ea0b8db8460fdedf584b4136a5b9e7f9d7072ee008f825f29b103660/htmltools-0.7.0.tar.gz", hash = "sha256:b95f922b7038f1b935ce24691ae74cb1ab9526d9c9cf1c2e2f329c38ef227a10", size = 105807, upload-time = "2026-05-21T15:02:33.357Z" }
wheels = [
    { url = "https://files.pythonhosted.org/packages/2f/b2/bd9bfa6d77641bd3be57c7cd6ce10294d26db20cb9aedf19ac5d78845886/htmltools-0.7.0-py3-none-any.whl", hash = "sha256:92e5d06aeadb56e0ff63b236971bc58bb9cf6058c7235e3af57868e7bf113e1b", size = 89598, upload-time = "2026-05-21T15:02:32.171Z" },
]

[[package]]
name = "idna"
version = "3.18"
source = { registry = "https://pypi.org/simple" }
sdist = { url = "https://files.pythonhosted.org/packages/cd/63/9496c57188a2ee585e0f1db071d75089a11e98aa86eb99d9d7618fc1edce/idna-3.18.tar.gz", hash = "sha256:ffb385a7e039654cef1ab9ef32c6fafe283c0c0467bba1d9029738ce4a14a848", size = 196711, upload-time = "2026-06-02T14:34:07.794Z" }
wheels = [
    { url = "https://files.pythonhosted.org/packages/1e/5e/d4e9f1a599fb8e573b7b87160658329fbf28d19eac2718f51fc3def3aa5a/idna-3.18-py3-none-any.whl", hash = "sha256:7f952cbe720b688055e3f87de14f5c3e5fdaa8bc3928985c4077ca689de849a2", size = 65455, upload-time = "2026-06-02T14:34:06.319Z" },
]

[[package]]
name = "linkify-it-py"
version = "2.1.0"
source = { registry = "https://pypi.org/simple" }
dependencies = [
    { name = "uc-micro-py" },
]
sdist = { url = "https://files.pythonhosted.org/packages/2e/c9/06ea13676ef354f0af6169587ae292d3e2406e212876a413bf9eece4eb23/linkify_it_py-2.1.0.tar.gz", hash = "sha256:43360231720999c10e9328dc3691160e27a718e280673d444c38d7d3aaa3b98b", size = 29158, upload-time = "2026-03-01T07:48:47.683Z" }
wheels = [
    { url = "https://files.pythonhosted.org/packages/b4/de/88b3be5c31b22333b3ca2f6ff1de4e863d8fe45aaea7485f591970ec1d3e/linkify_it_py-2.1.0-py3-none-any.whl", hash = "sha256:0d252c1594ecba2ecedc444053db5d3a9b7ec1b0dd929c8f1d74dce89f86c05e", size = 19878, upload-time = "2026-03-01T07:48:46.098Z" },
]

[[package]]
name = "lzstring"
version = "1.0.4"
source = { registry = "https://pypi.org/simple" }
dependencies = [
    { name = "future" },
]
sdist = { url = "https://files.pythonhosted.org/packages/ab/0c/28347673b45e5f0975cdf1f6d69ede6ad049be873194c4e164d79aecd34c/lzstring-1.0.4.tar.gz", hash = "sha256:1afa61e598193fbcc211e0899f09a9679e33f9102bccc37fbfda0b7fef4d9ea2", size = 4256, upload-time = "2018-06-01T02:32:12.639Z" }

[[package]]
name = "markdown-it-py"
version = "4.2.0"
source = { registry = "https://pypi.org/simple" }
dependencies = [
    { name = "mdurl" },
]
sdist = { url = "https://files.pythonhosted.org/packages/06/ff/7841249c247aa650a76b9ee4bbaeae59370dc8bfd2f6c01f3630c35eb134/markdown_it_py-4.2.0.tar.gz", hash = "sha256:04a21681d6fbb623de53f6f364d352309d4094dd4194040a10fd51833e418d49", size = 82454, upload-time = "2026-05-07T12:08:28.36Z" }
wheels = [
    { url = "https://files.pythonhosted.org/packages/b3/81/4da04ced5a082363ecfa159c010d200ecbd959ae410c10c0264a38cac0f5/markdown_it_py-4.2.0-py3-none-any.whl", hash = "sha256:9f7ebbcd14fe59494226453aed97c1070d83f8d24b6fc3a3bcf9a38092641c4a", size = 91687, upload-time = "2026-05-07T12:08:27.182Z" },
]

[[package]]
name = "mdit-py-plugins"
version = "0.6.1"
source = { registry = "https://pypi.org/simple" }
dependencies = [
    { name = "markdown-it-py" },
]
sdist = { url = "https://files.pythonhosted.org/packages/59/fc/f8d0863f8862f25602c0404d75568e89fb6b4109804645e5cdfb1be5cf56/mdit_py_plugins-0.6.1.tar.gz", hash = "sha256:a2bca0f039f39dbd35fb74ae1b5f998608c437463371f0ff7f49a19a17a114d0", size = 56114, upload-time = "2026-05-13T09:03:38.91Z" }
wheels = [
    { url = "https://files.pythonhosted.org/packages/a5/69/6da5581c6a7fede7dc261bf4e67d6adca4196f176b43288b55b3db395b6e/mdit_py_plugins-0.6.1-py3-none-any.whl", hash = "sha256:214c82fb2ac524472ab6a5bcab1de80f73b50443e187f401bfd77efbc7c6481d", size = 66663, upload-time = "2026-05-13T09:03:37.76Z" },
]

[[package]]
name = "mdurl"
version = "0.1.2"
source = { registry = "https://pypi.org/simple" }
sdist = { url = "https://files.pythonhosted.org/packages/d6/54/cfe61301667036ec958cb99bd3efefba235e65cdeb9c84d24a8293ba1d90/mdurl-0.1.2.tar.gz", hash = "sha256:bb413d29f5eea38f31dd4754dd7377d4465116fb207585f97bf925588687c1ba", size = 8729, upload-time = "2022-08-14T12:40:10.846Z" }
wheels = [
    { url = "https://files.pythonhosted.org/packages/b3/38/89ba8ad64ae25be8de66a6d463314cf1eb366222074cfda9ee839c56a4b4/mdurl-0.1.2-py3-none-any.whl", hash = "sha256:84008a41e51615a49fc9966191ff91509e3c40b939176e643fd50a5c2196b8f8", size = 9979, upload-time = "2022-08-14T12:40:09.779Z" },
]

[[package]]
name = "narwhals"
version = "2.22.1"
source = { registry = "https://pypi.org/simple" }
sdist = { url = "https://files.pythonhosted.org/packages/62/3c/c4ef2164a71c1a63d7f1ae411c4082c5fa872405106db60a4b7114989ad7/narwhals-2.22.1.tar.gz", hash = "sha256:d62920805a0a43b7ff8b54b0c0d3142d796f8a9301836ada37e573d6a33cbcd9", size = 647493, upload-time = "2026-06-05T12:34:34.051Z" }
wheels = [
    { url = "https://files.pythonhosted.org/packages/48/ca/36339329c4604adbcc99c899b7eb1ce1a555c499b6a6860757dc9bfed36d/narwhals-2.22.1-py3-none-any.whl", hash = "sha256:60567d774edf77db53906f89d9fbd164e66e56d66d388e1e6990f17ac33cfb53", size = 454815, upload-time = "2026-06-05T12:34:32.289Z" },
]

[[package]]
name = "numpy"
version = "2.4.6"
source = { registry = "https://pypi.org/simple" }
sdist = { url = "https://files.pythonhosted.org/packages/d0/ad/fed0499ce6a338d2a03ebae59cd15093910c8875328855781952abf6c2fe/numpy-2.4.6.tar.gz", hash = "sha256:f3a3570c4a2a16746ac2c31a7c7c7b0c186b95ce902e33db6f28094ed7387dda", size = 20735807, upload-time = "2026-05-18T23:37:14.07Z" }
wheels = [
    { url = "https://files.pythonhosted.org/packages/95/2a/3d7b5ac8aac24feaf9ad7ed58f45b0bbc06d37e4338ae84c9f2298b570f9/numpy-2.4.6-cp312-cp312-macosx_10_13_x86_64.whl", hash = "sha256:001fbb8e08d942dd57599e781f2472269ee7f2755fae407b4f67b2f0b17da3f1", size = 16689119, upload-time = "2026-05-18T23:33:54.065Z" },
    { url = "https://files.pythonhosted.org/packages/ea/12/92c4c131527599e8288d6918e888d88726f84d805d784b771f32408aeaef/numpy-2.4.6-cp312-cp312-macosx_11_0_arm64.whl", hash = "sha256:ebfb099f8dcf083deef3ac1ca4c1503f387cf76296fcb3816b66f5ecb5f54fdb", size = 14699246, upload-time = "2026-05-18T23:33:57.621Z" },
    { url = "https://files.pythonhosted.org/packages/ad/fe/c0a6b7b2ca128a8fb228575147073b660656734b8ebe4d76c8fd748dcc79/numpy-2.4.6-cp312-cp312-macosx_14_0_arm64.whl", hash = "sha256:3213d622a0283a39a93d188f3cf72b26862df52fbb4ca3697f51705016523d41", size = 5204410, upload-time = "2026-05-18T23:34:00.302Z" },
    { url = "https://files.pythonhosted.org/packages/f3/d4/9770d14ba719432bb90a421bfd443872ed0f70f7264b64bec12ea363d5fd/numpy-2.4.6-cp312-cp312-macosx_14_0_x86_64.whl", hash = "sha256:357cc07a6d7b0b182ff02249616a03742827ebb1277546b5c7cd7f7620a45698", size = 6551240, upload-time = "2026-05-18T23:34:02.852Z" },
    { url = "https://files.pythonhosted.org/packages/c9/c6/50a46a6205feba2343f1d6d17438107c5dc491ed1c736e6ea68689fd906b/numpy-2.4.6-cp312-cp312-manylinux_2_27_aarch64.manylinux_2_28_aarch64.whl", hash = "sha256:5f9fb9157b4ce2971008323afe46053787b526ef624fea915b261468a8421a0f", size = 15671012, upload-time = "2026-05-18T23:34:05.485Z" },
    { url = "https://files.pythonhosted.org/packages/99/60/14115e6364fa676c5397c2ad3004e527e9aa487abf5d0706ec81bbd08529/numpy-2.4.6-cp312-cp312-manylinux_2_27_x86_64.manylinux_2_28_x86_64.whl", hash = "sha256:90f9849678c75fe7afa2d348ac842c168b0a4d3d61919687216dfc547976d853", size = 16645538, upload-time = "2026-05-18T23:34:09.265Z" },
    { url = "https://files.pythonhosted.org/packages/ae/c5/693cbe59e57db94d2231fa519ca3978dc9e19da5a8f088588f5c6e947ff2/numpy-2.4.6-cp312-cp312-musllinux_1_2_aarch64.whl", hash = "sha256:c1a2af6c6ef86344a6b0db6b97834208bf598db514f2b155042439b62605601a", size = 17020706, upload-time = "2026-05-18T23:34:13.053Z" },
    { url = "https://files.pythonhosted.org/packages/ef/fc/85b7c4eff9b4966ade25c2273cf7e7012e92366c032058653934b37de044/numpy-2.4.6-cp312-cp312-musllinux_1_2_x86_64.whl", hash = "sha256:e5805d5a22fd19c8ccff10a9561f9df94436b0545619ea579db2d3c35294bce2", size = 18368541, upload-time = "2026-05-18T23:34:17.024Z" },
    { url = "https://files.pythonhosted.org/packages/f6/81/e1b27545deedce7f4a0b348618c6b62d74e36a4dc9ccd42f3eb2f85eee32/numpy-2.4.6-cp312-cp312-win32.whl", hash = "sha256:e3eeb0aabd6bd5ce64faae67e9935203a6991b4bc2a485a767fbafb2c5125f45", size = 5962825, upload-time = "2026-05-18T23:34:20.3Z" },
    { url = "https://files.pythonhosted.org/packages/ab/ca/feab00bd44aa5fe1ad2c18f08b4d3bb92e26484b0b1d1443897809ed528c/numpy-2.4.6-cp312-cp312-win_amd64.whl", hash = "sha256:d8e8286dd7cea7895157318d1b91cdacac64c479f3cbc8dce548331728484751", size = 12321687, upload-time = "2026-05-18T23:34:23.095Z" },
    { url = "https://files.pythonhosted.org/packages/63/cf/5a6d34850a39d1093558564f77ee8e8e0bee5061151b8f05a55711001ec7/numpy-2.4.6-cp312-cp312-win_arm64.whl", hash = "sha256:4081eb135ac24158bd51cdfbef16f1c64df7063b1143f24731387137c092bec8", size = 10221482, upload-time = "2026-05-18T23:34:25.876Z" },
]

[[package]]
name = "openpyxl"
version = "3.1.5"
source = { registry = "https://pypi.org/simple" }
dependencies = [
    { name = "et-xmlfile" },
]
sdist = { url = "https://files.pythonhosted.org/packages/3d/f9/88d94a75de065ea32619465d2f77b29a0469500e99012523b91cc4141cd1/openpyxl-3.1.5.tar.gz", hash = "sha256:cf0e3cf56142039133628b5acffe8ef0c12bc902d2aadd3e0fe5878dc08d1050", size = 186464, upload-time = "2024-06-28T14:03:44.161Z" }
wheels = [
    { url = "https://files.pythonhosted.org/packages/c0/da/977ded879c29cbd04de313843e76868e6e13408a94ed6b987245dc7c8506/openpyxl-3.1.5-py2.py3-none-any.whl", hash = "sha256:5282c12b107bffeef825f4617dc029afaf41d0ea60823bbb665ef3079dc79de2", size = 250910, upload-time = "2024-06-28T14:03:41.161Z" },
]

[[package]]
name = "opentelemetry-api"
version = "1.42.1"
source = { registry = "https://pypi.org/simple" }
dependencies = [
    { name = "typing-extensions" },
]
sdist = { url = "https://files.pythonhosted.org/packages/b4/1c/125e1c936c0873796771b7f04f6c93b9f1bf5d424cea90fda94a99f61da8/opentelemetry_api-1.42.1.tar.gz", hash = "sha256:56c63bea9f77b62856be8c47600474acad853b2924b99b1687c4cb6297166716", size = 72296, upload-time = "2026-05-21T16:32:49.335Z" }
wheels = [
    { url = "https://files.pythonhosted.org/packages/a3/ca/9520cc1f3dfbbd03ac5903bbf55833e257bc64b1cf30fa8b0d6df374d821/opentelemetry_api-1.42.1-py3-none-any.whl", hash = "sha256:51a69edacadbc03a8950ace1c4c21099cacc538820ac2c9e36277e78cebba714", size = 61311, upload-time = "2026-05-21T16:32:28.822Z" },
]

[[package]]
name = "orjson"
version = "3.11.9"
source = { registry = "https://pypi.org/simple" }
sdist = { url = "https://files.pythonhosted.org/packages/7e/0c/964746fcafbd16f8ff53219ad9f6b412b34f345c75f384ad434ceaadb538/orjson-3.11.9.tar.gz", hash = "sha256:4fef17e1f8722c11587a6ef18e35902450221da0028e65dbaaa543619e68e48f", size = 5599163, upload-time = "2026-05-06T15:11:08.309Z" }
wheels = [
    { url = "https://files.pythonhosted.org/packages/16/6d/11867a3ffa3a3608d84a4de51ef4dd0896d6b5cc9132fbe1daf593e677bc/orjson-3.11.9-cp312-cp312-macosx_10_15_x86_64.macosx_11_0_arm64.macosx_10_15_universal2.whl", hash = "sha256:9ef6fe90aadef185c7b128859f40beb24720b4ecea95379fc9000931179c3a49", size = 228515, upload-time = "2026-05-06T15:09:57.265Z" },
    { url = "https://files.pythonhosted.org/packages/24/75/05912954c8b288f34fcf5cd4b9b071cb4f6e77b9961e175e56ebb258089f/orjson-3.11.9-cp312-cp312-macosx_15_0_arm64.whl", hash = "sha256:e5c9b8f28e726e97d97696c826bc7bea5d71cecd63576dba92924a32c1961291", size = 128409, upload-time = "2026-05-06T15:09:59.063Z" },
    { url = "https://files.pythonhosted.org/packages/ab/86/1c3a47df3bc8191ea9ac51603bbb872a95167a364320c269f2557911f406/orjson-3.11.9-cp312-cp312-manylinux_2_17_aarch64.manylinux2014_aarch64.whl", hash = "sha256:26a473dbb4162108b27901492546f83c76fdcea3d0eadff00ae7a07e18dcce09", size = 132106, upload-time = "2026-05-06T15:10:00.798Z" },
    { url = "https://files.pythonhosted.org/packages/d7/cf/b33b5f3e695ae7d63feef9d915c37cc3b8f465493dcd4f8e0b4c697a2366/orjson-3.11.9-cp312-cp312-manylinux_2_17_armv7l.manylinux2014_armv7l.whl", hash = "sha256:011382e2a60fda9d46f1cdee31068cfc52ffe952b587d683ec0463002802a0f4", size = 127864, upload-time = "2026-05-06T15:10:02.15Z" },
    { url = "https://files.pythonhosted.org/packages/31/6a/6cf69385a58208024fcb8c014e2141b8ce838aba6492b589f8acfff97fab/orjson-3.11.9-cp312-cp312-manylinux_2_17_i686.manylinux2014_i686.whl", hash = "sha256:c2d3dc759490128c5c1711a53eeaa8ee1d437fd0038ffd2b6008abf46db3f882", size = 135213, upload-time = "2026-05-06T15:10:03.515Z" },
    { url = "https://files.pythonhosted.org/packages/e8/f8/0b1bd3e8f2efcdd376af5c8cfd79eaf13f018080c0089c80ebd724e3c7fb/orjson-3.11.9-cp312-cp312-manylinux_2_17_ppc64le.manylinux2014_ppc64le.whl", hash = "sha256:d8ea516b3726d190e1b4297e6f4e7a8650347ae053868a18163b4dd3641d1fff", size = 145994, upload-time = "2026-05-06T15:10:05.083Z" },
    { url = "https://files.pythonhosted.org/packages/f3/59/dab79f61044c529d2c81aecdc589b1f833a1c8dec11ba3b1c2498a02ca7e/orjson-3.11.9-cp312-cp312-manylinux_2_17_s390x.manylinux2014_s390x.whl", hash = "sha256:380cdce7ba24989af81d0a7013d0aaec5d0e2a21734c0e2681b1bc4f141957fe", size = 132744, upload-time = "2026-05-06T15:10:06.853Z" },
    { url = "https://files.pythonhosted.org/packages/0e/a4/82b7a2fe5d8a67a59ed831b24d59a3d46ea7d207b66e1602d376541d94a6/orjson-3.11.9-cp312-cp312-manylinux_2_17_x86_64.manylinux2014_x86_64.whl", hash = "sha256:be4fa4f0af7fa18951f7ab3fc2148e223af211bf03f59e1c6034ec3f97f21d61", size = 134014, upload-time = "2026-05-06T15:10:08.213Z" },
    { url = "https://files.pythonhosted.org/packages/50/c7/375e83a76851b73b2e39f3bcf0e5a19e2b89bad13e5bca97d0b293d27f24/orjson-3.11.9-cp312-cp312-musllinux_1_2_aarch64.whl", hash = "sha256:a8f5f8bc7ce7d59f08d9f99fa510c06496164a24cb5f3d34537dbd9ca30132e2", size = 141509, upload-time = "2026-05-06T15:10:09.595Z" },
    { url = "https://files.pythonhosted.org/packages/7f/7c/49d5d82a3d3097f641f094f552131f1e2723b0b8cb0fa2874ab65ecfffa6/orjson-3.11.9-cp312-cp312-musllinux_1_2_armv7l.whl", hash = "sha256:4d7fde5501b944f83b3e665e1b31343ff6e154b15560a16b7130ea1e594a4206", size = 415127, upload-time = "2026-05-06T15:10:11.049Z" },
    { url = "https://files.pythonhosted.org/packages/3a/dc/7446c538590d55f455647e5f3c61fc33f7108714e7afcffa6a2a033f8350/orjson-3.11.9-cp312-cp312-musllinux_1_2_i686.whl", hash = "sha256:cde1a448023ba7d5bb4c01c5afb48894380b5e4956e0627266526587ef4e535f", size = 148025, upload-time = "2026-05-06T15:10:12.842Z" },
    { url = "https://files.pythonhosted.org/packages/df/e5/4d2d8af06f788329b4f78f8cc3679bb395392fcaa1e4d8d3c33e85308fa4/orjson-3.11.9-cp312-cp312-musllinux_1_2_x86_64.whl", hash = "sha256:71e63adb0e1f1ed5d9e168f50a91ceb93ae6420731d222dc7da5c69409aa47aa", size = 136943, upload-time = "2026-05-06T15:10:14.405Z" },
    { url = "https://files.pythonhosted.org/packages/06/69/850264ccf6d80f6b174620d30a87f65c9b1490aba33fe6b62798e618cad3/orjson-3.11.9-cp312-cp312-win32.whl", hash = "sha256:2d057a602cdd19a0ad680417527c45b6961a095081c0f46fe0e03e304aac6470", size = 131606, upload-time = "2026-05-06T15:10:15.791Z" },
    { url = "https://files.pythonhosted.org/packages/b9/d5/973a43fc9c55e20f2051e9830997649f669be0cb3ca52192087c0143f118/orjson-3.11.9-cp312-cp312-win_amd64.whl", hash = "sha256:59e403b1cc5a676da8eaf31f6254801b7341b3e29efa85f92b48d272637e77be", size = 127101, upload-time = "2026-05-06T15:10:17.129Z" },
    { url = "https://files.pythonhosted.org/packages/fe/ae/495470f0e4a18f73fa10b7f6b84b464ec4cc5291c4e0c7c2a6c400bef006/orjson-3.11.9-cp312-cp312-win_arm64.whl", hash = "sha256:9af678d6488357948f1f84c6cd1c1d397c014e1ae2f98ae082a44eb48f602624", size = 126736, upload-time = "2026-05-06T15:10:18.645Z" },
]

[[package]]
name = "packaging"
version = "26.2"
source = { registry = "https://pypi.org/simple" }
sdist = { url = "https://files.pythonhosted.org/packages/d7/f1/e7a6dd94a8d4a5626c03e4e99c87f241ba9e350cd9e6d75123f992427270/packaging-26.2.tar.gz", hash = "sha256:ff452ff5a3e828ce110190feff1178bb1f2ea2281fa2075aadb987c2fb221661", size = 228134, upload-time = "2026-04-24T20:15:23.917Z" }
wheels = [
    { url = "https://files.pythonhosted.org/packages/df/b2/87e62e8c3e2f4b32e5fe99e0b86d576da1312593b39f47d8ceef365e95ed/packaging-26.2-py3-none-any.whl", hash = "sha256:5fc45236b9446107ff2415ce77c807cee2862cb6fac22b8a73826d0693b0980e", size = 100195, upload-time = "2026-04-24T20:15:22.081Z" },
]

[[package]]
name = "pandas"
version = "3.0.3"
source = { registry = "https://pypi.org/simple" }
dependencies = [
    { name = "numpy" },
    { name = "python-dateutil" },
    { name = "tzdata", marker = "sys_platform == 'emscripten' or sys_platform == 'win32'" },
]
sdist = { url = "https://files.pythonhosted.org/packages/f8/87/4341c6252d1c47b08768c3d25ac487362bf403f0313ddae4a2a26c9b1b4c/pandas-3.0.3.tar.gz", hash = "sha256:696a4a00a2a2a35d4e5deb3fc946641b96c944f02230e4f76137fe35d806c4fc", size = 4651414, upload-time = "2026-05-11T18:54:29.21Z" }
wheels = [
    { url = "https://files.pythonhosted.org/packages/24/f1/392f8c5bfc16f66a0d2d41561c01627c228fe7ed2a0d056ef11315042570/pandas-3.0.3-cp312-cp312-macosx_10_13_x86_64.whl", hash = "sha256:fed2ff7fd9779120e388e285fc029bd5cf9490cdd2e4166a9ee22c0e49a9ab09", size = 10357846, upload-time = "2026-05-11T18:52:36.143Z" },
    { url = "https://files.pythonhosted.org/packages/cf/3d/b16412745651e855f357e5e66930248688378853a6e2698a214e331fba1f/pandas-3.0.3-cp312-cp312-macosx_11_0_arm64.whl", hash = "sha256:b168fc218fd80a6cbdbdbc1a97ddc7889ed057d7eb45f50d866ceab5f39904c4", size = 9899550, upload-time = "2026-05-11T18:52:38.976Z" },
    { url = "https://files.pythonhosted.org/packages/31/a8/fa2535168fffcedf67f4f6de28d2dd903a747ca7c8ea6989451aaeb3a92f/pandas-3.0.3-cp312-cp312-manylinux_2_24_aarch64.manylinux_2_28_aarch64.whl", hash = "sha256:0383c72c75cdcca61a9e116e611143902dbfd08bff356829c2f6d1cf40a9ca8c", size = 10412965, upload-time = "2026-05-11T18:52:41.915Z" },
    { url = "https://files.pythonhosted.org/packages/65/b6/09b01cdbc15224e2850365192d17b7bdebb8bdbd8780ed221fcdf0d9a515/pandas-3.0.3-cp312-cp312-manylinux_2_24_x86_64.manylinux_2_28_x86_64.whl", hash = "sha256:6dc0b3fd2169c9157deed50b4d519553a3655c8c6a96027136d654592be973a9", size = 10894600, upload-time = "2026-05-11T18:52:45.02Z" },
    { url = "https://files.pythonhosted.org/packages/c9/a4/2eb28f2fccb4ced4a2c79ab2a5dee9ade1ebf44922ebad6fea158c9f95d4/pandas-3.0.3-cp312-cp312-musllinux_1_2_aarch64.whl", hash = "sha256:7e65d5407dc0b394f509699650e4a2ec01c0514f21850f453fa60f3be79a5dbf", size = 11422824, upload-time = "2026-05-11T18:52:48.058Z" },
    { url = "https://files.pythonhosted.org/packages/f8/45/830bb57f533a4604b355e07edcb8ea18cf88b5f94e5fca92f27052d7c597/pandas-3.0.3-cp312-cp312-musllinux_1_2_x86_64.whl", hash = "sha256:f8894dc474d648fe7b6ff0ca9b0bd73950d19952bc1a6534540762c5d79d305c", size = 11950889, upload-time = "2026-05-11T18:52:50.905Z" },
    { url = "https://files.pythonhosted.org/packages/b9/c5/fc1b368f303087d20e8c9bf3d6ceb186263cfac0ade735cd938538bea839/pandas-3.0.3-cp312-cp312-win_amd64.whl", hash = "sha256:c7be265b62cef88e253a941e4698604973736dcfe242fdb5198f0f7bc473cdcc", size = 9755463, upload-time = "2026-05-11T18:52:53.386Z" },
    { url = "https://files.pythonhosted.org/packages/86/bd/fda8f9705b1b09c6ebe14bfc0fa0e4ec8584d54ea673628f157ff55131af/pandas-3.0.3-cp312-cp312-win_arm64.whl", hash = "sha256:557409bc4178e70ee8d9ddb494798e51ebf6ea59330f6be22c51bab2a7db6c49", size = 9066158, upload-time = "2026-05-11T18:52:56.038Z" },
]

[[package]]
name = "platformdirs"
version = "4.10.0"
source = { registry = "https://pypi.org/simple" }
sdist = { url = "https://files.pythonhosted.org/packages/d7/47/e4501f49c178ae1d9f4a75073fda4204f52647993f075a9db4d14930e0c5/platformdirs-4.10.0.tar.gz", hash = "sha256:31e761a6a0ca04faf7353ea759bdba55652be214725111e5aac52dfa29d4bef7", size = 31224, upload-time = "2026-05-28T03:32:53.587Z" }
wheels = [
    { url = "https://files.pythonhosted.org/packages/81/e6/cd9575ac904136b3cbf7aa7ee819ef86eedb7274e46f230e94ea4342e729/platformdirs-4.10.0-py3-none-any.whl", hash = "sha256:fb516cdb12eb0d857d0cd85a7c57cea4d060bee4578d6cf5a14dfdf8cbf8784a", size = 22743, upload-time = "2026-05-28T03:32:52.175Z" },
]

[[package]]
name = "prompt-toolkit"
version = "3.0.52"
source = { registry = "https://pypi.org/simple" }
dependencies = [
    { name = "wcwidth", marker = "sys_platform != 'emscripten'" },
]
sdist = { url = "https://files.pythonhosted.org/packages/a1/96/06e01a7b38dce6fe1db213e061a4602dd6032a8a97ef6c1a862537732421/prompt_toolkit-3.0.52.tar.gz", hash = "sha256:28cde192929c8e7321de85de1ddbe736f1375148b02f2e17edd840042b1be855", size = 434198, upload-time = "2025-08-27T15:24:02.057Z" }
wheels = [
    { url = "https://files.pythonhosted.org/packages/84/03/0d3ce49e2505ae70cf43bc5bb3033955d2fc9f932163e84dc0779cc47f48/prompt_toolkit-3.0.52-py3-none-any.whl", hash = "sha256:9aac639a3bbd33284347de5ad8d68ecc044b91a762dc39b7c21095fcd6a19955", size = 391431, upload-time = "2025-08-27T15:23:59.498Z" },
]

[[package]]
name = "python-dateutil"
version = "2.9.0.post0"
source = { registry = "https://pypi.org/simple" }
dependencies = [
    { name = "six" },
]
sdist = { url = "https://files.pythonhosted.org/packages/66/c0/0c8b6ad9f17a802ee498c46e004a0eb49bc148f2fd230864601a86dcf6db/python-dateutil-2.9.0.post0.tar.gz", hash = "sha256:37dd54208da7e1cd875388217d5e00ebd4179249f90fb72437e91a35459a0ad3", size = 342432, upload-time = "2024-03-01T18:36:20.211Z" }
wheels = [
    { url = "https://files.pythonhosted.org/packages/ec/57/56b9bcc3c9c6a792fcbaf139543cee77261f3651ca9da0c93f5c1221264b/python_dateutil-2.9.0.post0-py2.py3-none-any.whl", hash = "sha256:a8b2bc7bffae282281c8140a97d3aa9c14da0b136dfe83f850eea9a5f7470427", size = 229892, upload-time = "2024-03-01T18:36:18.57Z" },
]

[[package]]
name = "python-multipart"
version = "0.0.32"
source = { registry = "https://pypi.org/simple" }
sdist = { url = "https://files.pythonhosted.org/packages/5b/42/55c32bb9b12693c092ad250a0e82edb5b31ddeda6eb772de5f308b3804ad/python_multipart-0.0.32.tar.gz", hash = "sha256:be54b7f3fa167bb83e4fcd936b887b708f4e57fe75911c02aebf53efaf8d938e", size = 46881, upload-time = "2026-06-04T16:18:58.647Z" }
wheels = [
    { url = "https://files.pythonhosted.org/packages/e1/04/e8135ebd1ad02c56ec633277529b2602ff99ff634be76cdba5744cf554fd/python_multipart-0.0.32-py3-none-any.whl", hash = "sha256:ff6d3f776f16878c894e52e107296ffc890e913c611b1a4ec6c44e2821fe2e23", size = 30042, upload-time = "2026-06-04T16:18:57.319Z" },
]

[[package]]
name = "questionary"
version = "2.1.1"
source = { registry = "https://pypi.org/simple" }
dependencies = [
    { name = "prompt-toolkit", marker = "sys_platform != 'emscripten'" },
]
sdist = { url = "https://files.pythonhosted.org/packages/f6/45/eafb0bba0f9988f6a2520f9ca2df2c82ddfa8d67c95d6625452e97b204a5/questionary-2.1.1.tar.gz", hash = "sha256:3d7e980292bb0107abaa79c68dd3eee3c561b83a0f89ae482860b181c8bd412d", size = 25845, upload-time = "2025-08-28T19:00:20.851Z" }
wheels = [
    { url = "https://files.pythonhosted.org/packages/3c/26/1062c7ec1b053db9e499b4d2d5bc231743201b74051c973dadeac80a8f43/questionary-2.1.1-py3-none-any.whl", hash = "sha256:a51af13f345f1cdea62347589fbb6df3b290306ab8930713bfae4d475a7d4a59", size = 36753, upload-time = "2025-08-28T19:00:19.56Z" },
]

[[package]]
name = "setuptools"
version = "82.0.1"
source = { registry = "https://pypi.org/simple" }
sdist = { url = "https://files.pythonhosted.org/packages/4f/db/cfac1baf10650ab4d1c111714410d2fbb77ac5a616db26775db562c8fab2/setuptools-82.0.1.tar.gz", hash = "sha256:7d872682c5d01cfde07da7bccc7b65469d3dca203318515ada1de5eda35efbf9", size = 1152316, upload-time = "2026-03-09T12:47:17.221Z" }
wheels = [
    { url = "https://files.pythonhosted.org/packages/9d/76/f789f7a86709c6b087c5a2f52f911838cad707cc613162401badc665acfe/setuptools-82.0.1-py3-none-any.whl", hash = "sha256:a59e362652f08dcd477c78bb6e7bd9d80a7995bc73ce773050228a348ce2e5bb", size = 1006223, upload-time = "2026-03-09T12:47:15.026Z" },
]

[[package]]
name = "shiny"
version = "1.6.3"
source = { registry = "https://pypi.org/simple" }
dependencies = [
    { name = "asgiref" },
    { name = "click", marker = "sys_platform != 'emscripten'" },
    { name = "htmltools" },
    { name = "linkify-it-py" },
    { name = "markdown-it-py" },
    { name = "mdit-py-plugins" },
    { name = "narwhals" },
    { name = "opentelemetry-api" },
    { name = "orjson" },
    { name = "packaging" },
    { name = "platformdirs" },
    { name = "prompt-toolkit", marker = "sys_platform != 'emscripten'" },
    { name = "python-multipart", marker = "sys_platform != 'emscripten'" },
    { name = "questionary", marker = "sys_platform != 'emscripten'" },
    { name = "setuptools" },
    { name = "shinychat" },
    { name = "starlette" },
    { name = "typing-extensions" },
    { name = "uvicorn", marker = "sys_platform != 'emscripten'" },
    { name = "watchfiles", marker = "sys_platform != 'emscripten'" },
    { name = "websockets" },
]
sdist = { url = "https://files.pythonhosted.org/packages/f2/4e/73e3d4058356394d385ad997967488c75a3701986f1ab7f6235759a24335/shiny-1.6.3.tar.gz", hash = "sha256:29997e112413be71548725cb4eda64a199e4a5a7814467fa8f438a5cd5bd5619", size = 5128971, upload-time = "2026-06-01T21:52:45.497Z" }
wheels = [
    { url = "https://files.pythonhosted.org/packages/07/b1/5c56bd1374951b29b5787089d4d6a6d199ce93f796b4ba0072bc23537018/shiny-1.6.3-py3-none-any.whl", hash = "sha256:f1987f6f3883b082d89c298190166ba447d5c04b246a376691da742938116008", size = 3931071, upload-time = "2026-06-01T21:52:43.884Z" },
]

[[package]]
name = "shinyapps"
version = "0.1.0"
source = { virtual = "." }
dependencies = [
    { name = "openpyxl" },
    { name = "pandas" },
    { name = "shiny" },
    { name = "shinylive" },
    { name = "xlrd" },
]

[package.metadata]
requires-dist = [
    { name = "openpyxl", specifier = ">=3.1.5" },
    { name = "pandas", specifier = ">=3.0.3" },
    { name = "shiny", specifier = ">=1.6.3" },
    { name = "shinylive", specifier = ">=0.8.9" },
    { name = "xlrd", specifier = ">=2.0.2" },
]

[[package]]
name = "shinychat"
version = "0.4.0"
source = { registry = "https://pypi.org/simple" }
dependencies = [
    { name = "htmltools" },
    { name = "shiny" },
]
sdist = { url = "https://files.pythonhosted.org/packages/88/ad/7591a52144631ed66577945a4a4f5e75d4801b6cf8f1725420ddc50f1d28/shinychat-0.4.0.tar.gz", hash = "sha256:728f1f424ae23e22fcdd765a20b43312b4beb6746984a43ecbb4c814a475de8e", size = 1064331, upload-time = "2026-05-27T00:23:23.351Z" }
wheels = [
    { url = "https://files.pythonhosted.org/packages/9b/1b/05b670402b6d28298c5312e738697c35cf1be5c0f4ccdefa5a55f5710f6b/shinychat-0.4.0-py3-none-any.whl", hash = "sha256:3571b52b26f8a93d7a53a9d85f27207c8d2a081b5443d0b0f918adcc21a01d87", size = 1086166, upload-time = "2026-05-27T00:23:21.447Z" },
]

[[package]]
name = "shinylive"
version = "0.8.9"
source = { registry = "https://pypi.org/simple" }
dependencies = [
    { name = "appdirs" },
    { name = "chevron" },
    { name = "click" },
    { name = "lzstring" },
    { name = "setuptools" },
    { name = "shiny" },
    { name = "typing-extensions" },
]
sdist = { url = "https://files.pythonhosted.org/packages/35/ac/55ae64da07320fa21aa2065e133d55382c30e621300fe39f8d3436bc29c4/shinylive-0.8.9.tar.gz", hash = "sha256:2c96dd19deee319d9835d21e58357805b592a3f4505786fcefb80f09fa5f0547", size = 29559, upload-time = "2026-06-02T00:23:54.486Z" }
wheels = [
    { url = "https://files.pythonhosted.org/packages/ce/9c/e9fc601d9368487f75a31e24d59854e87f24f2ff305f09aa70fbea2cbc94/shinylive-0.8.9-py3-none-any.whl", hash = "sha256:ba1b0af73d8b427ef37cf0f328fbf1aafb129db8b35661099874d1fcd60daa86", size = 29424, upload-time = "2026-06-02T00:23:53.457Z" },
]

[[package]]
name = "six"
version = "1.17.0"
source = { registry = "https://pypi.org/simple" }
sdist = { url = "https://files.pythonhosted.org/packages/94/e7/b2c673351809dca68a0e064b6af791aa332cf192da575fd474ed7d6f16a2/six-1.17.0.tar.gz", hash = "sha256:ff70335d468e7eb6ec65b95b99d3a2836546063f63acc5171de367e834932a81", size = 34031, upload-time = "2024-12-04T17:35:28.174Z" }
wheels = [
    { url = "https://files.pythonhosted.org/packages/b7/ce/149a00dd41f10bc29e5921b496af8b574d8413afcd5e30dfa0ed46c2cc5e/six-1.17.0-py2.py3-none-any.whl", hash = "sha256:4721f391ed90541fddacab5acf947aa0d3dc7d27b2e1e8eda2be8970586c3274", size = 11050, upload-time = "2024-12-04T17:35:26.475Z" },
]

[[package]]
name = "starlette"
version = "1.2.1"
source = { registry = "https://pypi.org/simple" }
dependencies = [
    { name = "anyio" },
    { name = "typing-extensions" },
]
sdist = { url = "https://files.pythonhosted.org/packages/25/44/ec35f1b6e83094b997da438a02c8c9b0ade2b1e84cfc48bd4656780760a6/starlette-1.2.1.tar.gz", hash = "sha256:9b9b5ebb992e67d6093741e63c2f59e4f6fff986f81163c087867bd7b924b3f6", size = 2701854, upload-time = "2026-05-31T01:07:51.847Z" }
wheels = [
    { url = "https://files.pythonhosted.org/packages/1c/54/196d0c1db10af76baa4f64894448505d60d3cdf70ef92cbb35f46a4e4c71/starlette-1.2.1-py3-none-any.whl", hash = "sha256:4de0082d08c8f6764a85a54cf1120d6939507a19905c7768acad2a9f875d2b89", size = 73350, upload-time = "2026-05-31T01:07:50.09Z" },
]

[[package]]
name = "typing-extensions"
version = "4.15.0"
source = { registry = "https://pypi.org/simple" }
sdist = { url = "https://files.pythonhosted.org/packages/72/94/1a15dd82efb362ac84269196e94cf00f187f7ed21c242792a923cdb1c61f/typing_extensions-4.15.0.tar.gz", hash = "sha256:0cea48d173cc12fa28ecabc3b837ea3cf6f38c6d1136f85cbaaf598984861466", size = 109391, upload-time = "2025-08-25T13:49:26.313Z" }
wheels = [
    { url = "https://files.pythonhosted.org/packages/18/67/36e9267722cc04a6b9f15c7f3441c2363321a3ea07da7ae0c0707beb2a9c/typing_extensions-4.15.0-py3-none-any.whl", hash = "sha256:f0fa19c6845758ab08074a0cfa8b7aecb71c999ca73d62883bc25cc018c4e548", size = 44614, upload-time = "2025-08-25T13:49:24.86Z" },
]

[[package]]
name = "tzdata"
version = "2026.2"
source = { registry = "https://pypi.org/simple" }
sdist = { url = "https://files.pythonhosted.org/packages/ba/19/1b9b0e29f30c6d35cb345486df41110984ea67ae69dddbc0e8a100999493/tzdata-2026.2.tar.gz", hash = "sha256:9173fde7d80d9018e02a662e168e5a2d04f87c41ea174b139fbef642eda62d10", size = 198254, upload-time = "2026-04-24T15:22:08.651Z" }
wheels = [
    { url = "https://files.pythonhosted.org/packages/ce/e4/dccd7f47c4b64213ac01ef921a1337ee6e30e8c6466046018326977efd95/tzdata-2026.2-py2.py3-none-any.whl", hash = "sha256:bbe9af844f658da81a5f95019480da3a89415801f6cc966806612cc7169bffe7", size = 349321, upload-time = "2026-04-24T15:22:05.876Z" },
]

[[package]]
name = "uc-micro-py"
version = "2.0.0"
source = { registry = "https://pypi.org/simple" }
sdist = { url = "https://files.pythonhosted.org/packages/78/67/9a363818028526e2d4579334460df777115bdec1bb77c08f9db88f6389f2/uc_micro_py-2.0.0.tar.gz", hash = "sha256:c53691e495c8db60e16ffc4861a35469b0ba0821fe409a8a7a0a71864d33a811", size = 6611, upload-time = "2026-03-01T06:31:27.526Z" }
wheels = [
    { url = "https://files.pythonhosted.org/packages/61/73/d21edf5b204d1467e06500080a50f79d49ef2b997c79123a536d4a17d97c/uc_micro_py-2.0.0-py3-none-any.whl", hash = "sha256:3603a3859af53e5a39bc7677713c78ea6589ff188d70f4fee165db88e22b242c", size = 6383, upload-time = "2026-03-01T06:31:26.257Z" },
]

[[package]]
name = "uvicorn"
version = "0.49.0"
source = { registry = "https://pypi.org/simple" }
dependencies = [
    { name = "click", marker = "sys_platform != 'emscripten'" },
    { name = "h11", marker = "sys_platform != 'emscripten'" },
]
sdist = { url = "https://files.pythonhosted.org/packages/c4/1f/fa18009dea8469069cca78a4e877a008ab78f08b064bfc9ab891579077ff/uvicorn-0.49.0.tar.gz", hash = "sha256:ebf4271aa580d9de97f93192d4595176df6e91f9aae919ca73e4fc07df1e66a3", size = 91284, upload-time = "2026-06-03T22:01:30.448Z" }
wheels = [
    { url = "https://files.pythonhosted.org/packages/88/fa/e1388bbcf24ef3274f45c0c1c7b501fd14971037c1b6ee23610553307497/uvicorn-0.49.0-py3-none-any.whl", hash = "sha256:ba3d14c3ee7e41c6c654c46c9eb489d33213cdd30aa1696eab1374337c13f68f", size = 71376, upload-time = "2026-06-03T22:01:29.037Z" },
]

[[package]]
name = "watchfiles"
version = "1.2.0"
source = { registry = "https://pypi.org/simple" }
dependencies = [
    { name = "anyio", marker = "sys_platform != 'emscripten'" },
]
sdist = { url = "https://files.pythonhosted.org/packages/cd/41/5e1a4bb12aac5f1493fa1bdc11154eca3b258ca4eba65d39c473fe19d8e9/watchfiles-1.2.0.tar.gz", hash = "sha256:c995fba777f1ea992f090f9236e9284cf7a5d1a0130dd5a3d82c598cacd76838", size = 108252, upload-time = "2026-05-18T04:32:04.251Z" }
wheels = [
    { url = "https://files.pythonhosted.org/packages/b8/2f/e42c992d2afda3108ea1c02acecc991b9f31d05c14adc2a7cee9ee211fc4/watchfiles-1.2.0-cp312-cp312-macosx_10_12_x86_64.whl", hash = "sha256:bc13eb17538be00c874699dc0abe4ee2bc8d50bb1166a6b9e175ef3fd7eb8f26", size = 400115, upload-time = "2026-05-18T04:32:02.06Z" },
    { url = "https://files.pythonhosted.org/packages/5f/8f/6af2ea19065c91d8b0ea3516fdfc8c0d349f407e8e9fbf4e5a17360de8ad/watchfiles-1.2.0-cp312-cp312-macosx_11_0_arm64.whl", hash = "sha256:2d95ddc1eb6914154253d239089900813f6a767e174b8e6a50e7fdacb7e4236c", size = 393659, upload-time = "2026-05-18T04:30:50.951Z" },
    { url = "https://files.pythonhosted.org/packages/13/01/b32a967c56fb3e3e5be3db52c3d3b87fa4513aa367d8ed1ad96d42952e5f/watchfiles-1.2.0-cp312-cp312-manylinux_2_17_aarch64.manylinux2014_aarch64.whl", hash = "sha256:8f70d8b291ef6e88d19b1f297a6905ddb978888d9272b0d05e6f53309856bcfc", size = 453207, upload-time = "2026-05-18T04:31:04.231Z" },
    { url = "https://files.pythonhosted.org/packages/04/98/97557a812180338cb1abd32e1cffcc4588f59b5f23e0cb006b2ba95ba64a/watchfiles-1.2.0-cp312-cp312-manylinux_2_17_armv7l.manylinux2014_armv7l.whl", hash = "sha256:56d8641cf834c2836922899105bd3ce3d0dfc69291d52edf0b4d0436829b34c0", size = 459273, upload-time = "2026-05-18T04:31:50.377Z" },
    { url = "https://files.pythonhosted.org/packages/e8/a8/b4b08dcb7653b8087c6586f7ce649505900e866bbcfe40dc9587af02e686/watchfiles-1.2.0-cp312-cp312-manylinux_2_17_i686.manylinux2014_i686.whl", hash = "sha256:2581a94056e55d7d0a31a823ea92bf73749c489ca2285bfdc0fbe6b2bb49d50c", size = 489927, upload-time = "2026-05-18T04:31:42.485Z" },
    { url = "https://files.pythonhosted.org/packages/50/94/3dceea03545d2e5ddfd839f0ddd5e1cecbf1697b5a428d5ba11cef6af95d/watchfiles-1.2.0-cp312-cp312-manylinux_2_17_ppc64le.manylinux2014_ppc64le.whl", hash = "sha256:41bc1199f7523b3f82843c88cbb979180c949caef0342cf90968f178e5d49b01", size = 570476, upload-time = "2026-05-18T04:31:03.071Z" },
    { url = "https://files.pythonhosted.org/packages/cc/f2/d39a5450c3532092b91f81d274360e613c2371bc874a89c7a1a3c5e8d138/watchfiles-1.2.0-cp312-cp312-manylinux_2_17_s390x.manylinux2014_s390x.whl", hash = "sha256:7571e4464cb6e434958f867f7f730b8ab0b75e3f8e5eac0499168486ab3c33a8", size = 465650, upload-time = "2026-05-18T04:30:12.701Z" },
    { url = "https://files.pythonhosted.org/packages/22/24/ed72f68cbc1333ca9b9f2200aa048bb6658ae41709bc1caad4310f4bdffd/watchfiles-1.2.0-cp312-cp312-manylinux_2_17_x86_64.manylinux2014_x86_64.whl", hash = "sha256:e53a384f76b631c3ae5334ce6a52f0baa3a911eb94a4eac7f160079868b716d5", size = 456398, upload-time = "2026-05-18T04:30:13.784Z" },
    { url = "https://files.pythonhosted.org/packages/0d/64/982ef4a4e5bab5b6e5b6becc8cd5e732f6130a78b855f0abec6439a9a135/watchfiles-1.2.0-cp312-cp312-manylinux_2_31_riscv64.whl", hash = "sha256:d20029a60a71a052a24c4db7673bc4de39ab89adbaccbfb5d67987c5d73f424d", size = 465140, upload-time = "2026-05-18T04:31:52.111Z" },
    { url = "https://files.pythonhosted.org/packages/a0/0c/95282abf4ed680b6096010bcfc30c5fa7a041fc5aa5a2ad17a2cc6c75bba/watchfiles-1.2.0-cp312-cp312-musllinux_1_1_aarch64.whl", hash = "sha256:2cb93af48550faf1cea04c303107c8b75833de7013e57ce27d3b8d21d8d0f58c", size = 630259, upload-time = "2026-05-18T04:31:25.676Z" },
    { url = "https://files.pythonhosted.org/packages/30/45/607c1de1530c4bdcf2cf1d1ecc2505ddba5d96bd43ba9f2b0e79876f850f/watchfiles-1.2.0-cp312-cp312-musllinux_1_1_x86_64.whl", hash = "sha256:2995c176de7692b86a2e4c58d9ec718f753150a979cb4a754e2b4ffa38e70906", size = 659859, upload-time = "2026-05-18T04:30:24.333Z" },
    { url = "https://files.pythonhosted.org/packages/fa/08/d9e2e0f9e8e6791d33aefc694ad7eefa7f901f63caff84a81ded38692f9c/watchfiles-1.2.0-cp312-cp312-win32.whl", hash = "sha256:7a2cffd17d27d2ecbb310c2b1d8174f222a5495b1a721894afa88ec11e25b898", size = 275480, upload-time = "2026-05-18T04:30:31.307Z" },
    { url = "https://files.pythonhosted.org/packages/1c/e6/9d42569c0102645cc8cea5d8c7d8a1e9d4ada2cb7f05f75e554b8aa2202a/watchfiles-1.2.0-cp312-cp312-win_amd64.whl", hash = "sha256:f155b3a1b2a5fc89cdc70d47ee5d54e3b75e88efa34982028a35daef9ba00379", size = 288718, upload-time = "2026-05-18T04:32:10.745Z" },
    { url = "https://files.pythonhosted.org/packages/0a/26/88e0dc6ee3898169d7fa22bb6a69cabf2502d2ee25cb8c876d1262d204f8/watchfiles-1.2.0-cp312-cp312-win_arm64.whl", hash = "sha256:8fa585ede612ee9f9e91b18bebf9ba11b9ae29a4e3a0d0cf6fca3e382133f0d5", size = 281026, upload-time = "2026-05-18T04:30:22.23Z" },
]

[[package]]
name = "wcwidth"
version = "0.8.1"
source = { registry = "https://pypi.org/simple" }
sdist = { url = "https://files.pythonhosted.org/packages/49/b4/51fe890511f0f242d07cb1ebe6a5b6db417262b9d2568b460347c57d95cc/wcwidth-0.8.1.tar.gz", hash = "sha256:faf5b4a5366a72dc49cad48cdf21f52bdf63bdda995178e483ba247ff79089b9", size = 1466072, upload-time = "2026-06-08T05:57:23.146Z" }
wheels = [
    { url = "https://files.pythonhosted.org/packages/bd/6e/95b0e537de1f4d4301f76f944642c6da50d1511cc7b3d64dc418a66c7509/wcwidth-0.8.1-py3-none-any.whl", hash = "sha256:f453740b1e4a4f3291faa37944c555d71056c4da08d59809b307ef4feba695c8", size = 323092, upload-time = "2026-06-08T05:57:21.413Z" },
]

[[package]]
name = "websockets"
version = "16.0"
source = { registry = "https://pypi.org/simple" }
sdist = { url = "https://files.pythonhosted.org/packages/04/24/4b2031d72e840ce4c1ccb255f693b15c334757fc50023e4db9537080b8c4/websockets-16.0.tar.gz", hash = "sha256:5f6261a5e56e8d5c42a4497b364ea24d94d9563e8fbd44e78ac40879c60179b5", size = 179346, upload-time = "2026-01-10T09:23:47.181Z" }
wheels = [
    { url = "https://files.pythonhosted.org/packages/84/7b/bac442e6b96c9d25092695578dda82403c77936104b5682307bd4deb1ad4/websockets-16.0-cp312-cp312-macosx_10_13_universal2.whl", hash = "sha256:71c989cbf3254fbd5e84d3bff31e4da39c43f884e64f2551d14bb3c186230f00", size = 177365, upload-time = "2026-01-10T09:22:46.787Z" },
    { url = "https://files.pythonhosted.org/packages/b0/fe/136ccece61bd690d9c1f715baaeefd953bb2360134de73519d5df19d29ca/websockets-16.0-cp312-cp312-macosx_10_13_x86_64.whl", hash = "sha256:8b6e209ffee39ff1b6d0fa7bfef6de950c60dfb91b8fcead17da4ee539121a79", size = 175038, upload-time = "2026-01-10T09:22:47.999Z" },
    { url = "https://files.pythonhosted.org/packages/40/1e/9771421ac2286eaab95b8575b0cb701ae3663abf8b5e1f64f1fd90d0a673/websockets-16.0-cp312-cp312-macosx_11_0_arm64.whl", hash = "sha256:86890e837d61574c92a97496d590968b23c2ef0aeb8a9bc9421d174cd378ae39", size = 175328, upload-time = "2026-01-10T09:22:49.809Z" },
    { url = "https://files.pythonhosted.org/packages/18/29/71729b4671f21e1eaa5d6573031ab810ad2936c8175f03f97f3ff164c802/websockets-16.0-cp312-cp312-manylinux1_x86_64.manylinux_2_28_x86_64.manylinux_2_5_x86_64.whl", hash = "sha256:9b5aca38b67492ef518a8ab76851862488a478602229112c4b0d58d63a7a4d5c", size = 184915, upload-time = "2026-01-10T09:22:51.071Z" },
    { url = "https://files.pythonhosted.org/packages/97/bb/21c36b7dbbafc85d2d480cd65df02a1dc93bf76d97147605a8e27ff9409d/websockets-16.0-cp312-cp312-manylinux2014_aarch64.manylinux_2_17_aarch64.manylinux_2_28_aarch64.whl", hash = "sha256:e0334872c0a37b606418ac52f6ab9cfd17317ac26365f7f65e203e2d0d0d359f", size = 186152, upload-time = "2026-01-10T09:22:52.224Z" },
    { url = "https://files.pythonhosted.org/packages/4a/34/9bf8df0c0cf88fa7bfe36678dc7b02970c9a7d5e065a3099292db87b1be2/websockets-16.0-cp312-cp312-musllinux_1_2_aarch64.whl", hash = "sha256:a0b31e0b424cc6b5a04b8838bbaec1688834b2383256688cf47eb97412531da1", size = 185583, upload-time = "2026-01-10T09:22:53.443Z" },
    { url = "https://files.pythonhosted.org/packages/47/88/4dd516068e1a3d6ab3c7c183288404cd424a9a02d585efbac226cb61ff2d/websockets-16.0-cp312-cp312-musllinux_1_2_x86_64.whl", hash = "sha256:485c49116d0af10ac698623c513c1cc01c9446c058a4e61e3bf6c19dff7335a2", size = 184880, upload-time = "2026-01-10T09:22:55.033Z" },
    { url = "https://files.pythonhosted.org/packages/91/d6/7d4553ad4bf1c0421e1ebd4b18de5d9098383b5caa1d937b63df8d04b565/websockets-16.0-cp312-cp312-win32.whl", hash = "sha256:eaded469f5e5b7294e2bdca0ab06becb6756ea86894a47806456089298813c89", size = 178261, upload-time = "2026-01-10T09:22:56.251Z" },
    { url = "https://files.pythonhosted.org/packages/c3/f0/f3a17365441ed1c27f850a80b2bc680a0fa9505d733fe152fdf5e98c1c0b/websockets-16.0-cp312-cp312-win_amd64.whl", hash = "sha256:5569417dc80977fc8c2d43a86f78e0a5a22fee17565d78621b6bb264a115d4ea", size = 178693, upload-time = "2026-01-10T09:22:57.478Z" },
    { url = "https://files.pythonhosted.org/packages/6f/28/258ebab549c2bf3e64d2b0217b973467394a9cea8c42f70418ca2c5d0d2e/websockets-16.0-py3-none-any.whl", hash = "sha256:1637db62fad1dc833276dded54215f2c7fa46912301a24bd94d45d46a011ceec", size = 171598, upload-time = "2026-01-10T09:23:45.395Z" },
]

[[package]]
name = "xlrd"
version = "2.0.2"
source = { registry = "https://pypi.org/simple" }
sdist = { url = "https://files.pythonhosted.org/packages/07/5a/377161c2d3538d1990d7af382c79f3b2372e880b65de21b01b1a2b78691e/xlrd-2.0.2.tar.gz", hash = "sha256:08b5e25de58f21ce71dc7db3b3b8106c1fa776f3024c54e45b45b374e89234c9", size = 100167, upload-time = "2025-06-14T08:46:39.039Z" }
wheels = [
    { url = "https://files.pythonhosted.org/packages/1a/62/c8d562e7766786ba6587d09c5a8ba9f718ed3fa8af7f4553e8f91c36f302/xlrd-2.0.2-py2.py3-none-any.whl", hash = "sha256:ea762c3d29f4cca48d82df517b6d89fbce4db3107f9d78713e48cd321d5c9aa9", size = 96555, upload-time = "2025-06-14T08:46:37.766Z" },
]
